
Microsoft Visual Studio Solution File, Format Version 12.00
# Visual Studio Version 17
VisualStudioVersion = 17.5.33414.496
MinimumVisualStudioVersion = 10.0.40219.1
Project("{9A19103F-16F7-4668-BE54-9A1E7A4F7556}") = "ScreenShare", "ScreenShare.csproj", "{AABEABAF-293D-415D-B0B7-424B16E8164C}"
EndProject
Project("{FAE04EC0-301F-11D3-BF4B-00C04F79EFBC}") = "ScreenShare.UnitTest", "..\ScreenShare.UnitTest\ScreenShare.UnitTest.csproj", "{13D271A8-AF27-4F84-8C99-5059D76AE04E}"
EndProject
Global
	GlobalSection(SolutionConfigurationPlatforms) = preSolution
		Debug|Any CPU = Debug|Any CPU
		Release|Any CPU = Release|Any CPU
	EndGlobalSection
	GlobalSection(ProjectConfigurationPlatforms) = postSolution
		{AABEABAF-293D-415D-B0B7-424B16E8164C}.Debug|Any CPU.ActiveCfg = Debug|Any CPU
		{AABEABAF-293D-415D-B0B7-424B16E8164C}.Debug|Any CPU.Build.0 = Debug|Any CPU
		{AABEABAF-293D-415D-B0B7-424B16E8164C}.Release|Any CPU.ActiveCfg = Release|Any CPU
		{AABEABAF-293D-415D-B0B7-424B16E8164C}.Release|Any CPU.Build.0 = Release|Any CPU
		{13D271A8-AF27-4F84-8C99-5059D76AE04E}.Debug|Any CPU.ActiveCfg = Debug|Any CPU
		{13D271A8-AF27-4F84-8C99-5059D76AE04E}.Debug|Any CPU.Build.0 = Debug|Any CPU
		{13D271A8-AF27-4F84-8C99-5059D76AE04E}.Release|Any CPU.ActiveCfg = Release|Any CPU
		{13D271A8-AF27-4F84-8C99-5059D76AE04E}.Release|Any CPU.Build.0 = Release|Any CPU
	EndGlobalSection
	GlobalSection(SolutionProperties) = preSolution
		HideSolutionNode = FALSE
	EndGlobalSection
	GlobalSection(ExtensibilityGlobals) = postSolution
		SolutionGuid = {54AB470A-3809-4A5B-A938-985AED457091}
	EndGlobalSection
EndGlobal
